
Microsoft Visual Studio Solution File, Format Version 12.00
# Visual Studio Version 17
VisualStudioVersion = 17.5.33516.290
MinimumVisualStudioVersion = 10.0.40219.1
Project("{FAE04EC0-301F-11D3-BF4B-00C04F79EFBC}") = "WalletsList", "WalletsList\WalletsList.csproj", "{1E1E174C-A930-4AC5-93C8-3C8F9B54D390}"
EndProject
Global
	GlobalSection(SolutionConfigurationPlatforms) = preSolution
		Debug|Any CPU = Debug|Any CPU
		Release|Any CPU = Release|Any CPU
	EndGlobalSection
	GlobalSection(ProjectConfigurationPlatforms) = postSolution
		{1E1E174C-A930-4AC5-93C8-3C8F9B54D390}.Debug|Any CPU.ActiveCfg = Debug|Any CPU
		{1E1E174C-A930-4AC5-93C8-3C8F9B54D390}.Debug|Any CPU.Build.0 = Debug|Any CPU
		{1E1E174C-A930-4AC5-93C8-3C8F9B54D390}.Release|Any CPU.ActiveCfg = Release|Any CPU
		{1E1E174C-A930-4AC5-93C8-3C8F9B54D390}.Release|Any CPU.Build.0 = Release|Any CPU
	EndGlobalSection
	GlobalSection(SolutionProperties) = preSolution
		HideSolutionNode = FALSE
	EndGlobalSection
	GlobalSection(ExtensibilityGlobals) = postSolution
		SolutionGuid = {311339E8-0821-4AC4-99E3-17418FA3DA01}
	EndGlobalSection
EndGlobal
